<Solution>
  <Project Path="Team2.csproj" />
  <Project Path="Assembly-CSharp.csproj" />
  <Project Path="Ink-Libraries.csproj" />
  <Project Path="InkEditor.csproj" />
  <Project Path="Team1.csproj" />
  <Project Path="Assembly-CSharp-firstpass.csproj" />
  <Project Path="Shared.csproj" />
  <Project Path="Assembly-CSharp-Editor.csproj" />
  <Project Path="Core.Shared.Editor.csproj" />
  <Project Path="Core.Shared.csproj" />
  <Project Path="Events.csproj" />
</Solution>
