
Microsoft Visual Studio Solution File, Format Version 11.00
# Visual Studio 2010
Project("{FAE04EC0-301F-11D3-BF4B-00C04F79EFBC}") = "Team2", "Team2.csproj", "{ddb69b6a-e877-3b90-6bce-96fc8f8b7ab1}"
EndProject
Project("{FAE04EC0-301F-11D3-BF4B-00C04F79EFBC}") = "Assembly-CSharp", "Assembly-CSharp.csproj", "{d655e2ac-9939-b1a0-50d0-d691020bfea2}"
EndProject
Project("{FAE04EC0-301F-11D3-BF4B-00C04F79EFBC}") = "Team1", "Team1.csproj", "{84c934bc-8698-2228-5d0d-5bb1ae478f6f}"
EndProject
Project("{FAE04EC0-301F-11D3-BF4B-00C04F79EFBC}") = "Ink-Libraries", "Ink-Libraries.csproj", "{b0dbab22-7175-d4f5-56a0-118d2a39ee38}"
EndProject
Project("{FAE04EC0-301F-11D3-BF4B-00C04F79EFBC}") = "InkEditor", "InkEditor.csproj", "{5b8ee7d8-6723-91cf-6d5a-fe510da62216}"
EndProject
Project("{FAE04EC0-301F-11D3-BF4B-00C04F79EFBC}") = "Editor", "Editor.csproj", "{3a17ddce-5b65-4262-3231-c7690b21f9de}"
EndProject
Project("{FAE04EC0-301F-11D3-BF4B-00C04F79EFBC}") = "Assembly-CSharp-firstpass", "Assembly-CSharp-firstpass.csproj", "{a2102dbb-6250-e502-a42a-15372e4ec227}"
EndProject
Project("{FAE04EC0-301F-11D3-BF4B-00C04F79EFBC}") = "Shared", "Shared.csproj", "{28fe605b-6b0d-65ec-2187-5ce328b0d114}"
EndProject
Project("{FAE04EC0-301F-11D3-BF4B-00C04F79EFBC}") = "Assembly-CSharp-Editor", "Assembly-CSharp-Editor.csproj", "{b4126acd-946f-2999-839d-1ca920c3d1fe}"
EndProject
Project("{FAE04EC0-301F-11D3-BF4B-00C04F79EFBC}") = "Core.Shared.Editor", "Core.Shared.Editor.csproj", "{9e91cfbb-25f9-a1dd-f691-a3b10a4b7d60}"
EndProject
Project("{FAE04EC0-301F-11D3-BF4B-00C04F79EFBC}") = "Core.Shared", "Core.Shared.csproj", "{9b9eb724-0cf4-57a3-d73b-ab53b38ae6ec}"
EndProject
Project("{FAE04EC0-301F-11D3-BF4B-00C04F79EFBC}") = "Events", "Events.csproj", "{fa2950e6-df14-1329-d2fd-13670d85e867}"
EndProject
Global
	GlobalSection(SolutionConfigurationPlatforms) = preSolution
		Debug|Any CPU = Debug|Any CPU
	EndGlobalSection
	GlobalSection(ProjectConfigurationPlatforms) = postSolution
		{ddb69b6a-e877-3b90-6bce-96fc8f8b7ab1}.Debug|Any CPU.ActiveCfg = Debug|Any CPU
		{ddb69b6a-e877-3b90-6bce-96fc8f8b7ab1}.Debug|Any CPU.Build.0 = Debug|Any CPU
		{d655e2ac-9939-b1a0-50d0-d691020bfea2}.Debug|Any CPU.ActiveCfg = Debug|Any CPU
		{d655e2ac-9939-b1a0-50d0-d691020bfea2}.Debug|Any CPU.Build.0 = Debug|Any CPU
		{84c934bc-8698-2228-5d0d-5bb1ae478f6f}.Debug|Any CPU.ActiveCfg = Debug|Any CPU
		{84c934bc-8698-2228-5d0d-5bb1ae478f6f}.Debug|Any CPU.Build.0 = Debug|Any CPU
		{b0dbab22-7175-d4f5-56a0-118d2a39ee38}.Debug|Any CPU.ActiveCfg = Debug|Any CPU
		{b0dbab22-7175-d4f5-56a0-118d2a39ee38}.Debug|Any CPU.Build.0 = Debug|Any CPU
		{5b8ee7d8-6723-91cf-6d5a-fe510da62216}.Debug|Any CPU.ActiveCfg = Debug|Any CPU
		{5b8ee7d8-6723-91cf-6d5a-fe510da62216}.Debug|Any CPU.Build.0 = Debug|Any CPU
		{3a17ddce-5b65-4262-3231-c7690b21f9de}.Debug|Any CPU.ActiveCfg = Debug|Any CPU
		{3a17ddce-5b65-4262-3231-c7690b21f9de}.Debug|Any CPU.Build.0 = Debug|Any CPU
		{a2102dbb-6250-e502-a42a-15372e4ec227}.Debug|Any CPU.ActiveCfg = Debug|Any CPU
		{a2102dbb-6250-e502-a42a-15372e4ec227}.Debug|Any CPU.Build.0 = Debug|Any CPU
		{28fe605b-6b0d-65ec-2187-5ce328b0d114}.Debug|Any CPU.ActiveCfg = Debug|Any CPU
		{28fe605b-6b0d-65ec-2187-5ce328b0d114}.Debug|Any CPU.Build.0 = Debug|Any CPU
		{b4126acd-946f-2999-839d-1ca920c3d1fe}.Debug|Any CPU.ActiveCfg = Debug|Any CPU
		{b4126acd-946f-2999-839d-1ca920c3d1fe}.Debug|Any CPU.Build.0 = Debug|Any CPU
		{9e91cfbb-25f9-a1dd-f691-a3b10a4b7d60}.Debug|Any CPU.ActiveCfg = Debug|Any CPU
		{9e91cfbb-25f9-a1dd-f691-a3b10a4b7d60}.Debug|Any CPU.Build.0 = Debug|Any CPU
		{9b9eb724-0cf4-57a3-d73b-ab53b38ae6ec}.Debug|Any CPU.ActiveCfg = Debug|Any CPU
		{9b9eb724-0cf4-57a3-d73b-ab53b38ae6ec}.Debug|Any CPU.Build.0 = Debug|Any CPU
		{fa2950e6-df14-1329-d2fd-13670d85e867}.Debug|Any CPU.ActiveCfg = Debug|Any CPU
		{fa2950e6-df14-1329-d2fd-13670d85e867}.Debug|Any CPU.Build.0 = Debug|Any CPU
	EndGlobalSection
	GlobalSection(SolutionProperties) = preSolution
		HideSolutionNode = FALSE
	EndGlobalSection
EndGlobal
