
Microsoft Visual Studio Solution File, Format Version 11.00
# Visual Studio 2010
Project("{FAE04EC0-301F-11D3-BF4B-00C04F79EFBC}") = "Assembly-CSharp", "Assembly-CSharp.csproj", "{d655e2ac-9939-b1a0-50d0-d691020bfea2}"
EndProject
Project("{FAE04EC0-301F-11D3-BF4B-00C04F79EFBC}") = "Ink-Libraries", "Ink-Libraries.csproj", "{b0dbab22-7175-d4f5-56a0-118d2a39ee38}"
EndProject
Project("{FAE04EC0-301F-11D3-BF4B-00C04F79EFBC}") = "InkEditor", "InkEditor.csproj", "{5b8ee7d8-6723-91cf-6d5a-fe510da62216}"
EndProject
Project("{FAE04EC0-301F-11D3-BF4B-00C04F79EFBC}") = "Team1", "Team1.csproj", "{84c934bc-8698-2228-5d0d-5bb1ae478f6f}"
EndProject
Project("{FAE04EC0-301F-11D3-BF4B-00C04F79EFBC}") = "Shared", "Shared.csproj", "{28fe605b-6b0d-65ec-2187-5ce328b0d114}"
EndProject
Project("{FAE04EC0-301F-11D3-BF4B-00C04F79EFBC}") = "Assembly-CSharp-Editor", "Assembly-CSharp-Editor.csproj", "{b4126acd-946f-2999-839d-1ca920c3d1fe}"
EndProject
Project("{FAE04EC0-301F-11D3-BF4B-00C04F79EFBC}") = "Events", "Events.csproj", "{fa2950e6-df14-1329-d2fd-13670d85e867}"
EndProject
Global
	GlobalSection(SolutionConfigurationPlatforms) = preSolution
		Debug|Any CPU = Debug|Any CPU
	EndGlobalSection
	GlobalSection(ProjectConfigurationPlatforms) = postSolution
		{d655e2ac-9939-b1a0-50d0-d691020bfea2}.Debug|Any CPU.ActiveCfg = Debug|Any CPU
		{d655e2ac-9939-b1a0-50d0-d691020bfea2}.Debug|Any CPU.Build.0 = Debug|Any CPU
		{b0dbab22-7175-d4f5-56a0-118d2a39ee38}.Debug|Any CPU.ActiveCfg = Debug|Any CPU
		{b0dbab22-7175-d4f5-56a0-118d2a39ee38}.Debug|Any CPU.Build.0 = Debug|Any CPU
		{5b8ee7d8-6723-91cf-6d5a-fe510da62216}.Debug|Any CPU.ActiveCfg = Debug|Any CPU
		{5b8ee7d8-6723-91cf-6d5a-fe510da62216}.Debug|Any CPU.Build.0 = Debug|Any CPU
		{84c934bc-8698-2228-5d0d-5bb1ae478f6f}.Debug|Any CPU.ActiveCfg = Debug|Any CPU
		{84c934bc-8698-2228-5d0d-5bb1ae478f6f}.Debug|Any CPU.Build.0 = Debug|Any CPU
		{28fe605b-6b0d-65ec-2187-5ce328b0d114}.Debug|Any CPU.ActiveCfg = Debug|Any CPU
		{28fe605b-6b0d-65ec-2187-5ce328b0d114}.Debug|Any CPU.Build.0 = Debug|Any CPU
		{b4126acd-946f-2999-839d-1ca920c3d1fe}.Debug|Any CPU.ActiveCfg = Debug|Any CPU
		{b4126acd-946f-2999-839d-1ca920c3d1fe}.Debug|Any CPU.Build.0 = Debug|Any CPU
		{fa2950e6-df14-1329-d2fd-13670d85e867}.Debug|Any CPU.ActiveCfg = Debug|Any CPU
		{fa2950e6-df14-1329-d2fd-13670d85e867}.Debug|Any CPU.Build.0 = Debug|Any CPU
	EndGlobalSection
	GlobalSection(SolutionProperties) = preSolution
		HideSolutionNode = FALSE
	EndGlobalSection
EndGlobal
