
Microsoft Visual Studio Solution File, Format Version 11.00
# Visual Studio 2010
Project("{FAE04EC0-301F-11D3-BF4B-00C04F79EFBC}") = "Unity.Timeline", "Unity.Timeline.csproj", "{52de6dc3-0771-bf60-be94-80b18c770b86}"
EndProject
Project("{FAE04EC0-301F-11D3-BF4B-00C04F79EFBC}") = "Unity.VisualEffectGraph.Editor", "Unity.VisualEffectGraph.Editor.csproj", "{e3db0124-c9aa-213d-e3db-2cac5e53df49}"
EndProject
Project("{FAE04EC0-301F-11D3-BF4B-00C04F79EFBC}") = "Unity.RenderPipelines.GPUDriven.Runtime", "Unity.RenderPipelines.GPUDriven.Runtime.csproj", "{d912426d-5828-ac4d-ea55-b800d49e41da}"
EndProject
Project("{FAE04EC0-301F-11D3-BF4B-00C04F79EFBC}") = "Team2", "Team2.csproj", "{ddb69b6a-e877-3b90-6bce-96fc8f8b7ab1}"
EndProject
Project("{FAE04EC0-301F-11D3-BF4B-00C04F79EFBC}") = "Unity.PlasticSCM.Editor", "Unity.PlasticSCM.Editor.csproj", "{1b2f15d3-aba6-4788-0ee4-a66af872044b}"
EndProject
Project("{FAE04EC0-301F-11D3-BF4B-00C04F79EFBC}") = "Assembly-CSharp", "Assembly-CSharp.csproj", "{d655e2ac-9939-b1a0-50d0-d691020bfea2}"
EndProject
Project("{FAE04EC0-301F-11D3-BF4B-00C04F79EFBC}") = "Unity.ShaderGraph.Editor", "Unity.ShaderGraph.Editor.csproj", "{7e97c62b-81b7-6315-b23b-29276428cdbc}"
EndProject
Project("{FAE04EC0-301F-11D3-BF4B-00C04F79EFBC}") = "Unity.RenderPipelines.Core.Runtime", "Unity.RenderPipelines.Core.Runtime.csproj", "{2cc3540f-c79f-50f4-8840-05d463a1aa51}"
EndProject
Project("{FAE04EC0-301F-11D3-BF4B-00C04F79EFBC}") = "Unity.Mathematics", "Unity.Mathematics.csproj", "{53657918-dbcf-6ebf-e972-3f0463c70aae}"
EndProject
Project("{FAE04EC0-301F-11D3-BF4B-00C04F79EFBC}") = "Unity.Timeline.Editor", "Unity.Timeline.Editor.csproj", "{663bd1e5-f4dc-704f-f7ec-eda78535931c}"
EndProject
Project("{FAE04EC0-301F-11D3-BF4B-00C04F79EFBC}") = "Unity.Cinemachine.Editor", "Unity.Cinemachine.Editor.csproj", "{f67b61dd-241e-7c70-743a-e0013dd426e0}"
EndProject
Project("{FAE04EC0-301F-11D3-BF4B-00C04F79EFBC}") = "Unity.Multiplayer.Center.Editor", "Unity.Multiplayer.Center.Editor.csproj", "{149a69f0-a20f-0b4a-ce79-c7e7bdc9ffe7}"
EndProject
Project("{FAE04EC0-301F-11D3-BF4B-00C04F79EFBC}") = "Unity.RenderPipelines.Core.Editor", "Unity.RenderPipelines.Core.Editor.csproj", "{fa17c822-7107-7039-b83a-73121d93ea48}"
EndProject
Project("{FAE04EC0-301F-11D3-BF4B-00C04F79EFBC}") = "UnityEngine.UI", "UnityEngine.UI.csproj", "{31452738-c04c-55ed-6a82-07b29759a930}"
EndProject
Project("{FAE04EC0-301F-11D3-BF4B-00C04F79EFBC}") = "Unity.RenderPipelines.Universal.2D.Runtime", "Unity.RenderPipelines.Universal.2D.Runtime.csproj", "{15637a4c-aa6a-8668-cbeb-d796a95e1d23}"
EndProject
Project("{FAE04EC0-301F-11D3-BF4B-00C04F79EFBC}") = "Unity.Collections", "Unity.Collections.csproj", "{60ea7333-921f-532c-c92c-4d2c6956f5d6}"
EndProject
Project("{FAE04EC0-301F-11D3-BF4B-00C04F79EFBC}") = "Unity.VisualScripting.Core.Editor", "Unity.VisualScripting.Core.Editor.csproj", "{ec5e818a-acce-2b05-0e9d-f7216446cb24}"
EndProject
Project("{FAE04EC0-301F-11D3-BF4B-00C04F79EFBC}") = "Unity.RenderPipelines.Universal.Editor", "Unity.RenderPipelines.Universal.Editor.csproj", "{ac9e39d9-3ba7-e7ca-500c-49bc75eacb8f}"
EndProject
Project("{FAE04EC0-301F-11D3-BF4B-00C04F79EFBC}") = "Unity.PerformanceTesting.Editor", "Unity.PerformanceTesting.Editor.csproj", "{f781b985-6230-e610-a965-207c9e13afd3}"
EndProject
Project("{FAE04EC0-301F-11D3-BF4B-00C04F79EFBC}") = "Unity.Splines", "Unity.Splines.csproj", "{ed742d68-7c84-ad61-ab2a-4db7e6bb1484}"
EndProject
Project("{FAE04EC0-301F-11D3-BF4B-00C04F79EFBC}") = "UnityEngine.TestRunner", "UnityEngine.TestRunner.csproj", "{80fb6203-75e5-94ee-8798-bd49d1b6e4f4}"
EndProject
Project("{FAE04EC0-301F-11D3-BF4B-00C04F79EFBC}") = "Unity.Burst", "Unity.Burst.csproj", "{00fa4f68-016c-0f96-3d23-042876ca94c1}"
EndProject
Project("{FAE04EC0-301F-11D3-BF4B-00C04F79EFBC}") = "Unity.VisualScripting.Flow.Editor", "Unity.VisualScripting.Flow.Editor.csproj", "{7241fdd2-e27f-f5ac-a154-607b7d86a56c}"
EndProject
Project("{FAE04EC0-301F-11D3-BF4B-00C04F79EFBC}") = "Unity.Animation.Rigging", "Unity.Animation.Rigging.csproj", "{93f5dbc9-7ccb-0259-f13b-af5733d79bf6}"
EndProject
Project("{FAE04EC0-301F-11D3-BF4B-00C04F79EFBC}") = "Unity.VisualStudio.Editor", "Unity.VisualStudio.Editor.csproj", "{b1a143de-a8b9-c808-2c2c-2ea90ec23672}"
EndProject
Project("{FAE04EC0-301F-11D3-BF4B-00C04F79EFBC}") = "Unity.InputSystem", "Unity.InputSystem.csproj", "{44d472d1-6cb4-afd8-47f5-c817f77ce4eb}"
EndProject
Project("{FAE04EC0-301F-11D3-BF4B-00C04F79EFBC}") = "Unity.Animation.Rigging.Editor", "Unity.Animation.Rigging.Editor.csproj", "{9ba773b0-81bc-0dbe-7882-94d183f4944f}"
EndProject
Project("{FAE04EC0-301F-11D3-BF4B-00C04F79EFBC}") = "PPv2URPConverters", "PPv2URPConverters.csproj", "{9a1449bb-0a7f-9d90-5607-df4b5b7ea316}"
EndProject
Project("{FAE04EC0-301F-11D3-BF4B-00C04F79EFBC}") = "Unity.Searcher.Editor", "Unity.Searcher.Editor.csproj", "{f891d0ce-0c88-b627-5123-3f4e48e82c6d}"
EndProject
Project("{FAE04EC0-301F-11D3-BF4B-00C04F79EFBC}") = "UnityEditor.TestRunner", "UnityEditor.TestRunner.csproj", "{9a157d00-0e56-b08e-ae32-4446e1eb1715}"
EndProject
Project("{FAE04EC0-301F-11D3-BF4B-00C04F79EFBC}") = "Unity.VisualScripting.Core", "Unity.VisualScripting.Core.csproj", "{654e8de9-8283-fb59-639d-7de082948566}"
EndProject
Project("{FAE04EC0-301F-11D3-BF4B-00C04F79EFBC}") = "Unity.RenderPipelines.Universal.Runtime", "Unity.RenderPipelines.Universal.Runtime.csproj", "{d3944fd6-5e37-292e-9c25-ede2c786d4db}"
EndProject
Project("{FAE04EC0-301F-11D3-BF4B-00C04F79EFBC}") = "Unity.CollabProxy.Editor", "Unity.CollabProxy.Editor.csproj", "{81e87caa-9320-133f-c4f1-b907bc0c481f}"
EndProject
Project("{FAE04EC0-301F-11D3-BF4B-00C04F79EFBC}") = "Unity.AI.Navigation.Editor.ConversionSystem", "Unity.AI.Navigation.Editor.ConversionSystem.csproj", "{081af337-f504-a65d-115f-28efef5ae52b}"
EndProject
Project("{FAE04EC0-301F-11D3-BF4B-00C04F79EFBC}") = "Unity.VisualScripting.State.Editor", "Unity.VisualScripting.State.Editor.csproj", "{0111ccba-d242-088d-78f4-53016e72d69b}"
EndProject
Project("{FAE04EC0-301F-11D3-BF4B-00C04F79EFBC}") = "Unity.VisualEffectGraph.Runtime", "Unity.VisualEffectGraph.Runtime.csproj", "{775592eb-6763-05ce-9452-27057c0f04a8}"
EndProject
Project("{FAE04EC0-301F-11D3-BF4B-00C04F79EFBC}") = "Unity.Burst.CodeGen", "Unity.Burst.CodeGen.csproj", "{c93ccfae-581d-d040-7570-1bc92e1d808b}"
EndProject
Project("{FAE04EC0-301F-11D3-BF4B-00C04F79EFBC}") = "Unity.Cinemachine", "Unity.Cinemachine.csproj", "{f29ebf72-71bf-0a3b-367b-5abc67c1321b}"
EndProject
Project("{FAE04EC0-301F-11D3-BF4B-00C04F79EFBC}") = "Unity.VisualScripting.Flow", "Unity.VisualScripting.Flow.csproj", "{e3a9b5d8-8e89-f51b-f1a2-af7836832d71}"
EndProject
Project("{FAE04EC0-301F-11D3-BF4B-00C04F79EFBC}") = "Unity.Splines.Editor", "Unity.Splines.Editor.csproj", "{2257b258-581c-1665-5422-b91b9485079e}"
EndProject
Project("{FAE04EC0-301F-11D3-BF4B-00C04F79EFBC}") = "Unity.PerformanceTesting", "Unity.PerformanceTesting.csproj", "{2190fdec-d294-b854-7064-34a5fc93f50a}"
EndProject
Project("{FAE04EC0-301F-11D3-BF4B-00C04F79EFBC}") = "Ink-Libraries", "Ink-Libraries.csproj", "{b0dbab22-7175-d4f5-56a0-118d2a39ee38}"
EndProject
Project("{FAE04EC0-301F-11D3-BF4B-00C04F79EFBC}") = "Unity.TextMeshPro", "Unity.TextMeshPro.csproj", "{d342529a-26f8-8d9a-94bd-2e55c9c7b03a}"
EndProject
Project("{FAE04EC0-301F-11D3-BF4B-00C04F79EFBC}") = "Unity.TextMeshPro.Editor", "Unity.TextMeshPro.Editor.csproj", "{2d47af44-6dc6-fc4b-efd5-53d19eb7dbe3}"
EndProject
Project("{FAE04EC0-301F-11D3-BF4B-00C04F79EFBC}") = "Unity.Rendering.LightTransport.Runtime", "Unity.Rendering.LightTransport.Runtime.csproj", "{eb565e9c-399f-cf7a-e94c-57c717f0f44c}"
EndProject
Project("{FAE04EC0-301F-11D3-BF4B-00C04F79EFBC}") = "Unity.Burst.Editor", "Unity.Burst.Editor.csproj", "{5dfe8a7f-c1f1-1411-ffaf-a66b8cd866d8}"
EndProject
Project("{FAE04EC0-301F-11D3-BF4B-00C04F79EFBC}") = "Unity.Rider.Editor", "Unity.Rider.Editor.csproj", "{fdf9bab2-b7c5-3b67-a792-1e7d2dc11243}"
EndProject
Project("{FAE04EC0-301F-11D3-BF4B-00C04F79EFBC}") = "Unity.VisualScripting.State", "Unity.VisualScripting.State.csproj", "{06047e40-06bd-ca67-e977-0deb7c22dd7a}"
EndProject
Project("{FAE04EC0-301F-11D3-BF4B-00C04F79EFBC}") = "Unity.AI.Navigation.Updater", "Unity.AI.Navigation.Updater.csproj", "{106e4162-60ca-58e3-377e-054b90db9db8}"
EndProject
Project("{FAE04EC0-301F-11D3-BF4B-00C04F79EFBC}") = "UnityEditor.UI", "UnityEditor.UI.csproj", "{6528959e-8d84-e4e7-fb27-54496d66e9fd}"
EndProject
Project("{FAE04EC0-301F-11D3-BF4B-00C04F79EFBC}") = "InkEditor", "InkEditor.csproj", "{5b8ee7d8-6723-91cf-6d5a-fe510da62216}"
EndProject
Project("{FAE04EC0-301F-11D3-BF4B-00C04F79EFBC}") = "Unity.AI.Navigation.Editor", "Unity.AI.Navigation.Editor.csproj", "{8a60f673-7fb8-0f3c-0203-305049ec707f}"
EndProject
Project("{FAE04EC0-301F-11D3-BF4B-00C04F79EFBC}") = "Unity.2D.Sprite.Editor", "Unity.2D.Sprite.Editor.csproj", "{a886132b-8dd4-1c9f-28fd-5d4a03120008}"
EndProject
Project("{FAE04EC0-301F-11D3-BF4B-00C04F79EFBC}") = "Team1", "Team1.csproj", "{84c934bc-8698-2228-5d0d-5bb1ae478f6f}"
EndProject
Project("{FAE04EC0-301F-11D3-BF4B-00C04F79EFBC}") = "Unity.Multiplayer.Center.Common", "Unity.Multiplayer.Center.Common.csproj", "{50cb2aa4-dc9b-362c-c478-661cffe807d9}"
EndProject
Project("{FAE04EC0-301F-11D3-BF4B-00C04F79EFBC}") = "Assembly-CSharp-firstpass", "Assembly-CSharp-firstpass.csproj", "{a2102dbb-6250-e502-a42a-15372e4ec227}"
EndProject
Project("{FAE04EC0-301F-11D3-BF4B-00C04F79EFBC}") = "Unity.InputSystem.ForUI", "Unity.InputSystem.ForUI.csproj", "{b65f2962-5889-876d-330d-ff4a37d8e5a8}"
EndProject
Project("{FAE04EC0-301F-11D3-BF4B-00C04F79EFBC}") = "Unity.AI.Navigation", "Unity.AI.Navigation.csproj", "{7c3eec83-39b5-3824-e431-2d194112e3f2}"
EndProject
Project("{FAE04EC0-301F-11D3-BF4B-00C04F79EFBC}") = "Unity.Collections.CodeGen", "Unity.Collections.CodeGen.csproj", "{e539a28c-44da-2f43-f463-07551d2c516f}"
EndProject
Project("{FAE04EC0-301F-11D3-BF4B-00C04F79EFBC}") = "Unity.Mathematics.Editor", "Unity.Mathematics.Editor.csproj", "{f15926b6-1bf9-2041-7157-790a0189de42}"
EndProject
Project("{FAE04EC0-301F-11D3-BF4B-00C04F79EFBC}") = "Unity.VisualScripting.SettingsProvider.Editor", "Unity.VisualScripting.SettingsProvider.Editor.csproj", "{8377b792-1f5e-b03e-c223-02d28c01124d}"
EndProject
Project("{FAE04EC0-301F-11D3-BF4B-00C04F79EFBC}") = "Shared", "Shared.csproj", "{28fe605b-6b0d-65ec-2187-5ce328b0d114}"
EndProject
Project("{FAE04EC0-301F-11D3-BF4B-00C04F79EFBC}") = "Assembly-CSharp-Editor", "Assembly-CSharp-Editor.csproj", "{b4126acd-946f-2999-839d-1ca920c3d1fe}"
EndProject
Project("{FAE04EC0-301F-11D3-BF4B-00C04F79EFBC}") = "Unity.Settings.Editor", "Unity.Settings.Editor.csproj", "{96d4204e-5903-5e99-e09d-65398f476caf}"
EndProject
Project("{FAE04EC0-301F-11D3-BF4B-00C04F79EFBC}") = "Unity.InputSystem.TestFramework", "Unity.InputSystem.TestFramework.csproj", "{b143c827-6eae-8dd7-69a1-cfd4ba0ce5b6}"
EndProject
Project("{FAE04EC0-301F-11D3-BF4B-00C04F79EFBC}") = "Unity.ShaderGraph.Utilities", "Unity.ShaderGraph.Utilities.csproj", "{f29105a3-0d93-4073-7824-fd4cb009e429}"
EndProject
Project("{FAE04EC0-301F-11D3-BF4B-00C04F79EFBC}") = "Unity.VisualScripting.Shared.Editor", "Unity.VisualScripting.Shared.Editor.csproj", "{1a3a5870-1f14-8d1d-3226-2082a1667e6d}"
EndProject
Project("{FAE04EC0-301F-11D3-BF4B-00C04F79EFBC}") = "Unity.Toolchain.Win-x86_64-Linux-x86_64", "Unity.Toolchain.Win-x86_64-Linux-x86_64.csproj", "{97bda1e6-b9f4-a644-d9b9-42fd06ae7195}"
EndProject
Project("{FAE04EC0-301F-11D3-BF4B-00C04F79EFBC}") = "Core.Shared.Editor", "Core.Shared.Editor.csproj", "{9e91cfbb-25f9-a1dd-f691-a3b10a4b7d60}"
EndProject
Project("{FAE04EC0-301F-11D3-BF4B-00C04F79EFBC}") = "Unity.Animation.Rigging.DocCodeExamples", "Unity.Animation.Rigging.DocCodeExamples.csproj", "{6c93b211-5e19-d0ab-0d9c-b1013cb88ce8}"
EndProject
Project("{FAE04EC0-301F-11D3-BF4B-00C04F79EFBC}") = "Core.Shared", "Core.Shared.csproj", "{9b9eb724-0cf4-57a3-d73b-ab53b38ae6ec}"
EndProject
Project("{FAE04EC0-301F-11D3-BF4B-00C04F79EFBC}") = "Unity.RenderPipeline.Universal.ShaderLibrary", "Unity.RenderPipeline.Universal.ShaderLibrary.csproj", "{5ca3ba1f-9937-3d48-9d39-e595c56c130c}"
EndProject
Project("{FAE04EC0-301F-11D3-BF4B-00C04F79EFBC}") = "Unity.SysrootPackage.Editor", "Unity.SysrootPackage.Editor.csproj", "{a2094abc-32b9-9d1b-dd41-7b0d4f1077fe}"
EndProject
Project("{FAE04EC0-301F-11D3-BF4B-00C04F79EFBC}") = "Events", "Events.csproj", "{fa2950e6-df14-1329-d2fd-13670d85e867}"
EndProject
Project("{FAE04EC0-301F-11D3-BF4B-00C04F79EFBC}") = "Unity.Rendering.LightTransport.Editor", "Unity.Rendering.LightTransport.Editor.csproj", "{ca7ba8c6-82f7-56ab-5ff0-39760a366da2}"
EndProject
Project("{FAE04EC0-301F-11D3-BF4B-00C04F79EFBC}") = "Unity.InputSystem.DocCodeSamples", "Unity.InputSystem.DocCodeSamples.csproj", "{932f1fad-2a40-7340-8720-6a6dec92e5c0}"
EndProject
Project("{FAE04EC0-301F-11D3-BF4B-00C04F79EFBC}") = "Unity.RenderPipelines.Universal.Shaders", "Unity.RenderPipelines.Universal.Shaders.csproj", "{6b481c77-9028-ccf4-8fea-ea8430d260e9}"
EndProject
Project("{FAE04EC0-301F-11D3-BF4B-00C04F79EFBC}") = "Unity.RenderPipelines.Core.Runtime.Shared", "Unity.RenderPipelines.Core.Runtime.Shared.csproj", "{9feaf722-f6b2-435f-8e86-8e39652348f4}"
EndProject
Project("{FAE04EC0-301F-11D3-BF4B-00C04F79EFBC}") = "Unity.Sysroot.Linux_x86_64", "Unity.Sysroot.Linux_x86_64.csproj", "{c2b2ec59-95b3-49e1-5a23-64f75f974f3a}"
EndProject
Project("{FAE04EC0-301F-11D3-BF4B-00C04F79EFBC}") = "Unity.VisualScripting.DocCodeExamples", "Unity.VisualScripting.DocCodeExamples.csproj", "{1c6ae981-b3b3-1273-21d7-ba4ed7cbfefa}"
EndProject
Project("{FAE04EC0-301F-11D3-BF4B-00C04F79EFBC}") = "Unity.PlasticSCM.Editor.Entities", "Unity.PlasticSCM.Editor.Entities.csproj", "{bba58de0-91be-1660-2205-ccdb9be3489f}"
EndProject
Project("{FAE04EC0-301F-11D3-BF4B-00C04F79EFBC}") = "Unity.Collections.Editor", "Unity.Collections.Editor.csproj", "{06c83ea0-a676-f29e-c66d-a705ab5ab480}"
EndProject
Project("{FAE04EC0-301F-11D3-BF4B-00C04F79EFBC}") = "Unity.RenderPipelines.Universal.Config.Runtime", "Unity.RenderPipelines.Universal.Config.Runtime.csproj", "{00e90de1-2a86-0437-d274-41c5885559a8}"
EndProject
Project("{FAE04EC0-301F-11D3-BF4B-00C04F79EFBC}") = "Unity.RenderPipelines.ShaderGraph.ShaderGraphLibrary", "Unity.RenderPipelines.ShaderGraph.ShaderGraphLibrary.csproj", "{ffd33988-ae94-fcf9-ffa6-0f9ff3d1f89b}"
EndProject
Project("{FAE04EC0-301F-11D3-BF4B-00C04F79EFBC}") = "Unity.RenderPipelines.Core.ShaderLibrary", "Unity.RenderPipelines.Core.ShaderLibrary.csproj", "{c4ec43ff-2642-10f3-0690-61de384414b3}"
EndProject
Project("{FAE04EC0-301F-11D3-BF4B-00C04F79EFBC}") = "Unity.RenderPipelines.Core.Editor.Shared", "Unity.RenderPipelines.Core.Editor.Shared.csproj", "{1e31d6a8-dacf-9724-f818-1a0067337985}"
EndProject
Project("{FAE04EC0-301F-11D3-BF4B-00C04F79EFBC}") = "Unity.Timeline", "Unity.Timeline.Player.csproj", "{17606b04-6f11-e7c7-2112-718372118cd4}"
EndProject
Project("{FAE04EC0-301F-11D3-BF4B-00C04F79EFBC}") = "Unity.RenderPipelines.GPUDriven.Runtime", "Unity.RenderPipelines.GPUDriven.Runtime.Player.csproj", "{876a8a5e-33cd-87a3-aef6-5cb223f43137}"
EndProject
Project("{FAE04EC0-301F-11D3-BF4B-00C04F79EFBC}") = "Team2", "Team2.Player.csproj", "{c5bdb455-f965-395b-c490-387a230f3c32}"
EndProject
Project("{FAE04EC0-301F-11D3-BF4B-00C04F79EFBC}") = "Assembly-CSharp", "Assembly-CSharp.Player.csproj", "{ef819b57-6057-b652-50fe-c6a26122dcf9}"
EndProject
Project("{FAE04EC0-301F-11D3-BF4B-00C04F79EFBC}") = "Unity.RenderPipelines.Core.Runtime", "Unity.RenderPipelines.Core.Runtime.Player.csproj", "{7fb0d2af-2910-55ea-2b9c-12e734f2aa2d}"
EndProject
Project("{FAE04EC0-301F-11D3-BF4B-00C04F79EFBC}") = "Unity.Mathematics", "Unity.Mathematics.Player.csproj", "{a77f9014-5ba2-ef8f-6f2b-df14da9d3845}"
EndProject
Project("{FAE04EC0-301F-11D3-BF4B-00C04F79EFBC}") = "UnityEngine.UI", "UnityEngine.UI.Player.csproj", "{cae3649d-193c-e227-879a-f1785b4e1dbf}"
EndProject
Project("{FAE04EC0-301F-11D3-BF4B-00C04F79EFBC}") = "Unity.RenderPipelines.Universal.2D.Runtime", "Unity.RenderPipelines.Universal.2D.Runtime.Player.csproj", "{22cd14ff-e0af-2c28-9451-394b58d35a33}"
EndProject
Project("{FAE04EC0-301F-11D3-BF4B-00C04F79EFBC}") = "Unity.Collections", "Unity.Collections.Player.csproj", "{1fdca0be-4d6a-5ea0-aca4-ba6d05727f50}"
EndProject
Project("{FAE04EC0-301F-11D3-BF4B-00C04F79EFBC}") = "Unity.Splines", "Unity.Splines.Player.csproj", "{c0bcbe4d-c168-512f-950d-0cd5459f4478}"
EndProject
Project("{FAE04EC0-301F-11D3-BF4B-00C04F79EFBC}") = "UnityEngine.TestRunner", "UnityEngine.TestRunner.Player.csproj", "{2324972f-54f3-6c2f-c2ce-8ae8349ac73f}"
EndProject
Project("{FAE04EC0-301F-11D3-BF4B-00C04F79EFBC}") = "Unity.Burst", "Unity.Burst.Player.csproj", "{7dab0f99-cf94-3f7d-50e0-3b8f7565f927}"
EndProject
Project("{FAE04EC0-301F-11D3-BF4B-00C04F79EFBC}") = "Unity.Animation.Rigging", "Unity.Animation.Rigging.Player.csproj", "{448bdef1-1b1e-08be-a2a3-1b7370100e20}"
EndProject
Project("{FAE04EC0-301F-11D3-BF4B-00C04F79EFBC}") = "Unity.InputSystem", "Unity.InputSystem.Player.csproj", "{96ddbafc-2987-1e7c-77a0-6bf87e6143f6}"
EndProject
Project("{FAE04EC0-301F-11D3-BF4B-00C04F79EFBC}") = "Unity.VisualScripting.Core", "Unity.VisualScripting.Core.Player.csproj", "{e9835840-57a0-3a4d-9eae-67c1340573a4}"
EndProject
Project("{FAE04EC0-301F-11D3-BF4B-00C04F79EFBC}") = "Unity.RenderPipelines.Universal.Runtime", "Unity.RenderPipelines.Universal.Runtime.Player.csproj", "{f1798dd7-6823-107a-250b-356fb49798e8}"
EndProject
Project("{FAE04EC0-301F-11D3-BF4B-00C04F79EFBC}") = "Unity.VisualEffectGraph.Runtime", "Unity.VisualEffectGraph.Runtime.Player.csproj", "{33f825b4-151b-36d8-80da-ea7d637ae8ee}"
EndProject
Project("{FAE04EC0-301F-11D3-BF4B-00C04F79EFBC}") = "Unity.Cinemachine", "Unity.Cinemachine.Player.csproj", "{4512cbd2-40e5-c765-586f-91fea887323e}"
EndProject
Project("{FAE04EC0-301F-11D3-BF4B-00C04F79EFBC}") = "Unity.VisualScripting.Flow", "Unity.VisualScripting.Flow.Player.csproj", "{9badbe58-1d8b-0eb4-8127-5442375a7092}"
EndProject
Project("{FAE04EC0-301F-11D3-BF4B-00C04F79EFBC}") = "Unity.PerformanceTesting", "Unity.PerformanceTesting.Player.csproj", "{dcd64548-cac5-c720-081e-a358a1cfff52}"
EndProject
Project("{FAE04EC0-301F-11D3-BF4B-00C04F79EFBC}") = "Ink-Libraries", "Ink-Libraries.Player.csproj", "{95a9c1ab-e6f4-3f2f-b288-768bb902d2ff}"
EndProject
Project("{FAE04EC0-301F-11D3-BF4B-00C04F79EFBC}") = "Unity.TextMeshPro", "Unity.TextMeshPro.Player.csproj", "{2b8efa22-f96e-6a5c-399b-21de06e2bc62}"
EndProject
Project("{FAE04EC0-301F-11D3-BF4B-00C04F79EFBC}") = "Unity.Rendering.LightTransport.Runtime", "Unity.Rendering.LightTransport.Runtime.Player.csproj", "{b2e217e3-dfc6-f927-d332-714da170a4f2}"
EndProject
Project("{FAE04EC0-301F-11D3-BF4B-00C04F79EFBC}") = "Unity.VisualScripting.State", "Unity.VisualScripting.State.Player.csproj", "{7caff5f3-903f-ca2e-e361-790e76115ac2}"
EndProject
Project("{FAE04EC0-301F-11D3-BF4B-00C04F79EFBC}") = "Team1", "Team1.Player.csproj", "{ac49af85-e3da-5198-b5e3-385eac768973}"
EndProject
Project("{FAE04EC0-301F-11D3-BF4B-00C04F79EFBC}") = "Unity.Multiplayer.Center.Common", "Unity.Multiplayer.Center.Common.Player.csproj", "{96df6373-b032-3267-934d-f5721683bcc5}"
EndProject
Project("{FAE04EC0-301F-11D3-BF4B-00C04F79EFBC}") = "Assembly-CSharp-firstpass", "Assembly-CSharp-firstpass.Player.csproj", "{dd473fa1-3e4c-f8ec-a22e-65467943fa90}"
EndProject
Project("{FAE04EC0-301F-11D3-BF4B-00C04F79EFBC}") = "Unity.InputSystem.ForUI", "Unity.InputSystem.ForUI.Player.csproj", "{d11b7992-028e-67eb-380b-4d556c67d5e7}"
EndProject
Project("{FAE04EC0-301F-11D3-BF4B-00C04F79EFBC}") = "Unity.AI.Navigation", "Unity.AI.Navigation.Player.csproj", "{a05c36a2-bd1e-2871-dcc3-b457faa84f7e}"
EndProject
Project("{FAE04EC0-301F-11D3-BF4B-00C04F79EFBC}") = "Shared", "Shared.Player.csproj", "{e5499602-827b-d22a-4b32-00f7b11871fb}"
EndProject
Project("{FAE04EC0-301F-11D3-BF4B-00C04F79EFBC}") = "Unity.InputSystem.TestFramework", "Unity.InputSystem.TestFramework.Player.csproj", "{aad152be-795b-7e70-9507-64e5710707b5}"
EndProject
Project("{FAE04EC0-301F-11D3-BF4B-00C04F79EFBC}") = "Unity.Animation.Rigging.DocCodeExamples", "Unity.Animation.Rigging.DocCodeExamples.Player.csproj", "{0ffd836d-e516-61a1-09b9-ee096716bff4}"
EndProject
Project("{FAE04EC0-301F-11D3-BF4B-00C04F79EFBC}") = "Core.Shared", "Core.Shared.Player.csproj", "{c7c578cb-38b1-24a5-a69b-cf6fc033f75d}"
EndProject
Project("{FAE04EC0-301F-11D3-BF4B-00C04F79EFBC}") = "Unity.RenderPipeline.Universal.ShaderLibrary", "Unity.RenderPipeline.Universal.ShaderLibrary.Player.csproj", "{749ee5b7-f40e-879a-30e6-346bdbc30048}"
EndProject
Project("{FAE04EC0-301F-11D3-BF4B-00C04F79EFBC}") = "Events", "Events.Player.csproj", "{a0427f08-2bc1-c28e-a271-77fbefd54dc9}"
EndProject
Project("{FAE04EC0-301F-11D3-BF4B-00C04F79EFBC}") = "Unity.RenderPipelines.Universal.Shaders", "Unity.RenderPipelines.Universal.Shaders.Player.csproj", "{860b942f-0d0e-a68b-056e-9172e1eefa8d}"
EndProject
Project("{FAE04EC0-301F-11D3-BF4B-00C04F79EFBC}") = "Unity.RenderPipelines.Core.Runtime.Shared", "Unity.RenderPipelines.Core.Runtime.Shared.Player.csproj", "{31768c8e-d65b-1e16-b88d-acdf3c520d4a}"
EndProject
Project("{FAE04EC0-301F-11D3-BF4B-00C04F79EFBC}") = "Unity.VisualScripting.DocCodeExamples", "Unity.VisualScripting.DocCodeExamples.Player.csproj", "{99a3d42f-943a-53fc-a4a6-770b2632f89d}"
EndProject
Project("{FAE04EC0-301F-11D3-BF4B-00C04F79EFBC}") = "Unity.RenderPipelines.Universal.Config.Runtime", "Unity.RenderPipelines.Universal.Config.Runtime.Player.csproj", "{3a8beb25-e6d8-31a4-39ab-0c5299a581f9}"
EndProject
Project("{FAE04EC0-301F-11D3-BF4B-00C04F79EFBC}") = "Unity.RenderPipelines.ShaderGraph.ShaderGraphLibrary", "Unity.RenderPipelines.ShaderGraph.ShaderGraphLibrary.Player.csproj", "{80260f3f-d4aa-f344-8a7d-31fda4d1cac1}"
EndProject
Project("{FAE04EC0-301F-11D3-BF4B-00C04F79EFBC}") = "Unity.RenderPipelines.Core.ShaderLibrary", "Unity.RenderPipelines.Core.ShaderLibrary.Player.csproj", "{5e772cd9-ec5e-9ffb-96e5-38ddfa1abcfa}"
EndProject
Project("{FAE04EC0-301F-11D3-BF4B-00C04F79EFBC}") = "TestNewCustomAssembly", "TestNewCustomAssembly.csproj", "{c0972d8b-aa71-f325-4c40-10ad463bbd62}"
EndProject
Project("{FAE04EC0-301F-11D3-BF4B-00C04F79EFBC}") = "Unity.AI.Navigation.Tests.EditorInPlaymode", "Unity.AI.Navigation.Tests.EditorInPlaymode.csproj", "{0aeef307-4b0d-fe3c-a1f4-43f5bbf14b8d}"
EndProject
Project("{FAE04EC0-301F-11D3-BF4B-00C04F79EFBC}") = "Unity.Mathematics.Tests", "Unity.Mathematics.Tests.csproj", "{73daa27f-9acb-1d06-7cea-95540eb53c70}"
EndProject
Project("{FAE04EC0-301F-11D3-BF4B-00C04F79EFBC}") = "Unity.RenderPipelines.Core.Editor.Tests", "Unity.RenderPipelines.Core.Editor.Tests.csproj", "{0fc7cc5a-0a0e-95ce-b6a9-f093d338b32d}"
EndProject
Project("{FAE04EC0-301F-11D3-BF4B-00C04F79EFBC}") = "Unity.RenderPipelines.Universal.Config.Editor.Tests", "Unity.RenderPipelines.Universal.Config.Editor.Tests.csproj", "{20116131-cc7e-cba8-2101-0f74d0e59344}"
EndProject
Project("{FAE04EC0-301F-11D3-BF4B-00C04F79EFBC}") = "Unity.RenderPipelines.Universal.Editor.Tests", "Unity.RenderPipelines.Universal.Editor.Tests.csproj", "{dc73d353-44e5-426c-ecc9-527972cc1e83}"
EndProject
Project("{FAE04EC0-301F-11D3-BF4B-00C04F79EFBC}") = "Unity.Collections.DocCodeSamples", "Unity.Collections.DocCodeSamples.csproj", "{b89eff8c-3a52-2feb-d4e1-d98f689e6e1a}"
EndProject
Project("{FAE04EC0-301F-11D3-BF4B-00C04F79EFBC}") = "Unity.2D.Sprite.Package.EditorTests", "Unity.2D.Sprite.Package.EditorTests.csproj", "{688da9a2-3793-b95e-907e-e4cdaa9d09a9}"
EndProject
Project("{FAE04EC0-301F-11D3-BF4B-00C04F79EFBC}") = "Unity.VisualEffectGraph.Editor.Tests", "Unity.VisualEffectGraph.Editor.Tests.csproj", "{d06374f4-2f9d-480a-9a84-b68afe258377}"
EndProject
Project("{FAE04EC0-301F-11D3-BF4B-00C04F79EFBC}") = "Unity.Searcher.EditorTests", "Unity.Searcher.EditorTests.csproj", "{d8eb2fbf-5966-c2c3-c75f-f87dec23a12a}"
EndProject
Project("{FAE04EC0-301F-11D3-BF4B-00C04F79EFBC}") = "Unity.Collections.PerformanceTests", "Unity.Collections.PerformanceTests.csproj", "{4ac89bd4-68c0-9972-417f-a4e22e1032b4}"
EndProject
Project("{FAE04EC0-301F-11D3-BF4B-00C04F79EFBC}") = "Unity.AI.Navigation.Tests", "Unity.AI.Navigation.Tests.csproj", "{22db8d33-ad42-a5f0-3884-b47407657303}"
EndProject
Project("{FAE04EC0-301F-11D3-BF4B-00C04F79EFBC}") = "Unity.TextMeshPro.Editor.Tests", "Unity.TextMeshPro.Editor.Tests.csproj", "{6c8d041d-dd87-167b-d43b-7d30c860a9cd}"
EndProject
Project("{FAE04EC0-301F-11D3-BF4B-00C04F79EFBC}") = "DocCodeExamples", "DocCodeExamples.csproj", "{3af10896-f41c-7d10-6877-c5632b2bf966}"
EndProject
Project("{FAE04EC0-301F-11D3-BF4B-00C04F79EFBC}") = "Unity.LightTransport.Editor.Tests", "Unity.LightTransport.Editor.Tests.csproj", "{370b71ee-7218-c911-6e3f-7eb95dc96c57}"
EndProject
Project("{FAE04EC0-301F-11D3-BF4B-00C04F79EFBC}") = "Unity.Multiplayer.Center.Tests", "Unity.Multiplayer.Center.Tests.csproj", "{027f36ba-6b6e-8e4a-52ea-4c342abad81c}"
EndProject
Project("{FAE04EC0-301F-11D3-BF4B-00C04F79EFBC}") = "Unity.Collections.Tests", "Unity.Collections.Tests.csproj", "{58f9eb8d-2b3e-df62-fa6d-2462f7ad49e5}"
EndProject
Project("{FAE04EC0-301F-11D3-BF4B-00C04F79EFBC}") = "Unity.RenderPipelines.Core.Runtime.Tests", "Unity.RenderPipelines.Core.Runtime.Tests.csproj", "{c9436044-5221-8bd5-3f02-d463280b198a}"
EndProject
Project("{FAE04EC0-301F-11D3-BF4B-00C04F79EFBC}") = "Unity.AI.Navigation.LegacyOffMeshLink.Tests", "Unity.AI.Navigation.LegacyOffMeshLink.Tests.csproj", "{b2a9ce24-46b4-fa32-a1bd-4e4fc53d175e}"
EndProject
Project("{FAE04EC0-301F-11D3-BF4B-00C04F79EFBC}") = "Unity.Multiplayer.Center.Editor.Tests", "Unity.Multiplayer.Center.Editor.Tests.csproj", "{704d8ff9-86df-63fc-39a2-fed1f5ea6625}"
EndProject
Project("{FAE04EC0-301F-11D3-BF4B-00C04F79EFBC}") = "Unity.Settings.Tests", "Unity.Settings.Tests.csproj", "{12991f76-9a4f-49e8-e5a0-5a65614fdbfb}"
EndProject
Project("{FAE04EC0-301F-11D3-BF4B-00C04F79EFBC}") = "Unity.AI.Navigation.Editor.Tests", "Unity.AI.Navigation.Editor.Tests.csproj", "{4ca81c1c-5bf0-cc6e-4c7d-95d7a7d1d9c1}"
EndProject
Project("{FAE04EC0-301F-11D3-BF4B-00C04F79EFBC}") = "UnityEngine.UI.Tests", "UnityEngine.UI.Tests.csproj", "{5b55e4ed-9074-34ce-2717-0772030faa53}"
EndProject
Project("{FAE04EC0-301F-11D3-BF4B-00C04F79EFBC}") = "Unity.Sysroot.Linux_x86_64.EditorTests", "Unity.Sysroot.Linux_x86_64.EditorTests.csproj", "{7867ab6e-03dc-a5e5-e631-ec875b6f7435}"
EndProject
Project("{FAE04EC0-301F-11D3-BF4B-00C04F79EFBC}") = "Unity.InputSystem.IntegrationTests", "Unity.InputSystem.IntegrationTests.csproj", "{904ca2a6-f721-c177-3c34-174bab8bed4e}"
EndProject
Project("{FAE04EC0-301F-11D3-BF4B-00C04F79EFBC}") = "Unity.Collections.Tests.Playmode", "Unity.Collections.Tests.Playmode.csproj", "{5abebe48-b414-c1f2-88c4-2091c34d89d4}"
EndProject
Project("{FAE04EC0-301F-11D3-BF4B-00C04F79EFBC}") = "Unity.Nuget.Mono-Cecil", "Unity.Nuget.Mono-Cecil.csproj", "{e05eb46c-b304-6f05-1827-0afc4b368c65}"
EndProject
Project("{FAE04EC0-301F-11D3-BF4B-00C04F79EFBC}") = "Unity.Sysroot.EditorTests", "Unity.Sysroot.EditorTests.csproj", "{f0a108d5-d16e-3fcd-52a8-c10ded4884b1}"
EndProject
Project("{FAE04EC0-301F-11D3-BF4B-00C04F79EFBC}") = "Unity.TextMeshPro.Tests", "Unity.TextMeshPro.Tests.csproj", "{f39133cd-b007-2979-599e-c7a274404572}"
EndProject
Project("{FAE04EC0-301F-11D3-BF4B-00C04F79EFBC}") = "UnityEditor.UI.EditorTests", "UnityEditor.UI.EditorTests.csproj", "{b6af105a-8cf6-b2b0-b595-b479603abaee}"
EndProject
Project("{FAE04EC0-301F-11D3-BF4B-00C04F79EFBC}") = "Unity.RenderPipelines.Universal.Runtime.Tests", "Unity.RenderPipelines.Universal.Runtime.Tests.csproj", "{103c3803-f4ff-4c56-8877-d549826c33ae}"
EndProject
Project("{FAE04EC0-301F-11D3-BF4B-00C04F79EFBC}") = "Unity.Toolchain.Win-x86_64-Linux-x86_64.EditorTests", "Unity.Toolchain.Win-x86_64-Linux-x86_64.EditorTests.csproj", "{1a735426-225c-1a18-c950-ec4a36e21c6b}"
EndProject
Project("{FAE04EC0-301F-11D3-BF4B-00C04F79EFBC}") = "Unity.VisualEffectGraph.Runtime.Tests", "Unity.VisualEffectGraph.Runtime.Tests.csproj", "{aa99b88c-f459-e28e-3aa9-d0c9b9fa32d1}"
EndProject
Project("{FAE04EC0-301F-11D3-BF4B-00C04F79EFBC}") = "Unity.Collections.BurstCompatibilityGen", "Unity.Collections.BurstCompatibilityGen.csproj", "{99872267-e107-4101-1b2e-3f3b4ad91213}"
EndProject
Project("{FAE04EC0-301F-11D3-BF4B-00C04F79EFBC}") = "Unity.ShaderGraph.Editor.Tests", "Unity.ShaderGraph.Editor.Tests.csproj", "{3c8939ef-6944-0647-b19f-e4ce4b075b9a}"
EndProject
Global
	GlobalSection(SolutionConfigurationPlatforms) = preSolution
		Debug|Any CPU = Debug|Any CPU
	EndGlobalSection
	GlobalSection(ProjectConfigurationPlatforms) = postSolution
		{52de6dc3-0771-bf60-be94-80b18c770b86}.Debug|Any CPU.ActiveCfg = Debug|Any CPU
		{52de6dc3-0771-bf60-be94-80b18c770b86}.Debug|Any CPU.Build.0 = Debug|Any CPU
		{e3db0124-c9aa-213d-e3db-2cac5e53df49}.Debug|Any CPU.ActiveCfg = Debug|Any CPU
		{e3db0124-c9aa-213d-e3db-2cac5e53df49}.Debug|Any CPU.Build.0 = Debug|Any CPU
		{d912426d-5828-ac4d-ea55-b800d49e41da}.Debug|Any CPU.ActiveCfg = Debug|Any CPU
		{d912426d-5828-ac4d-ea55-b800d49e41da}.Debug|Any CPU.Build.0 = Debug|Any CPU
		{ddb69b6a-e877-3b90-6bce-96fc8f8b7ab1}.Debug|Any CPU.ActiveCfg = Debug|Any CPU
		{ddb69b6a-e877-3b90-6bce-96fc8f8b7ab1}.Debug|Any CPU.Build.0 = Debug|Any CPU
		{1b2f15d3-aba6-4788-0ee4-a66af872044b}.Debug|Any CPU.ActiveCfg = Debug|Any CPU
		{1b2f15d3-aba6-4788-0ee4-a66af872044b}.Debug|Any CPU.Build.0 = Debug|Any CPU
		{d655e2ac-9939-b1a0-50d0-d691020bfea2}.Debug|Any CPU.ActiveCfg = Debug|Any CPU
		{d655e2ac-9939-b1a0-50d0-d691020bfea2}.Debug|Any CPU.Build.0 = Debug|Any CPU
		{7e97c62b-81b7-6315-b23b-29276428cdbc}.Debug|Any CPU.ActiveCfg = Debug|Any CPU
		{7e97c62b-81b7-6315-b23b-29276428cdbc}.Debug|Any CPU.Build.0 = Debug|Any CPU
		{2cc3540f-c79f-50f4-8840-05d463a1aa51}.Debug|Any CPU.ActiveCfg = Debug|Any CPU
		{2cc3540f-c79f-50f4-8840-05d463a1aa51}.Debug|Any CPU.Build.0 = Debug|Any CPU
		{53657918-dbcf-6ebf-e972-3f0463c70aae}.Debug|Any CPU.ActiveCfg = Debug|Any CPU
		{53657918-dbcf-6ebf-e972-3f0463c70aae}.Debug|Any CPU.Build.0 = Debug|Any CPU
		{663bd1e5-f4dc-704f-f7ec-eda78535931c}.Debug|Any CPU.ActiveCfg = Debug|Any CPU
		{663bd1e5-f4dc-704f-f7ec-eda78535931c}.Debug|Any CPU.Build.0 = Debug|Any CPU
		{f67b61dd-241e-7c70-743a-e0013dd426e0}.Debug|Any CPU.ActiveCfg = Debug|Any CPU
		{f67b61dd-241e-7c70-743a-e0013dd426e0}.Debug|Any CPU.Build.0 = Debug|Any CPU
		{149a69f0-a20f-0b4a-ce79-c7e7bdc9ffe7}.Debug|Any CPU.ActiveCfg = Debug|Any CPU
		{149a69f0-a20f-0b4a-ce79-c7e7bdc9ffe7}.Debug|Any CPU.Build.0 = Debug|Any CPU
		{fa17c822-7107-7039-b83a-73121d93ea48}.Debug|Any CPU.ActiveCfg = Debug|Any CPU
		{fa17c822-7107-7039-b83a-73121d93ea48}.Debug|Any CPU.Build.0 = Debug|Any CPU
		{31452738-c04c-55ed-6a82-07b29759a930}.Debug|Any CPU.ActiveCfg = Debug|Any CPU
		{31452738-c04c-55ed-6a82-07b29759a930}.Debug|Any CPU.Build.0 = Debug|Any CPU
		{15637a4c-aa6a-8668-cbeb-d796a95e1d23}.Debug|Any CPU.ActiveCfg = Debug|Any CPU
		{15637a4c-aa6a-8668-cbeb-d796a95e1d23}.Debug|Any CPU.Build.0 = Debug|Any CPU
		{60ea7333-921f-532c-c92c-4d2c6956f5d6}.Debug|Any CPU.ActiveCfg = Debug|Any CPU
		{60ea7333-921f-532c-c92c-4d2c6956f5d6}.Debug|Any CPU.Build.0 = Debug|Any CPU
		{ec5e818a-acce-2b05-0e9d-f7216446cb24}.Debug|Any CPU.ActiveCfg = Debug|Any CPU
		{ec5e818a-acce-2b05-0e9d-f7216446cb24}.Debug|Any CPU.Build.0 = Debug|Any CPU
		{ac9e39d9-3ba7-e7ca-500c-49bc75eacb8f}.Debug|Any CPU.ActiveCfg = Debug|Any CPU
		{ac9e39d9-3ba7-e7ca-500c-49bc75eacb8f}.Debug|Any CPU.Build.0 = Debug|Any CPU
		{f781b985-6230-e610-a965-207c9e13afd3}.Debug|Any CPU.ActiveCfg = Debug|Any CPU
		{f781b985-6230-e610-a965-207c9e13afd3}.Debug|Any CPU.Build.0 = Debug|Any CPU
		{ed742d68-7c84-ad61-ab2a-4db7e6bb1484}.Debug|Any CPU.ActiveCfg = Debug|Any CPU
		{ed742d68-7c84-ad61-ab2a-4db7e6bb1484}.Debug|Any CPU.Build.0 = Debug|Any CPU
		{80fb6203-75e5-94ee-8798-bd49d1b6e4f4}.Debug|Any CPU.ActiveCfg = Debug|Any CPU
		{80fb6203-75e5-94ee-8798-bd49d1b6e4f4}.Debug|Any CPU.Build.0 = Debug|Any CPU
		{00fa4f68-016c-0f96-3d23-042876ca94c1}.Debug|Any CPU.ActiveCfg = Debug|Any CPU
		{00fa4f68-016c-0f96-3d23-042876ca94c1}.Debug|Any CPU.Build.0 = Debug|Any CPU
		{7241fdd2-e27f-f5ac-a154-607b7d86a56c}.Debug|Any CPU.ActiveCfg = Debug|Any CPU
		{7241fdd2-e27f-f5ac-a154-607b7d86a56c}.Debug|Any CPU.Build.0 = Debug|Any CPU
		{93f5dbc9-7ccb-0259-f13b-af5733d79bf6}.Debug|Any CPU.ActiveCfg = Debug|Any CPU
		{93f5dbc9-7ccb-0259-f13b-af5733d79bf6}.Debug|Any CPU.Build.0 = Debug|Any CPU
		{b1a143de-a8b9-c808-2c2c-2ea90ec23672}.Debug|Any CPU.ActiveCfg = Debug|Any CPU
		{b1a143de-a8b9-c808-2c2c-2ea90ec23672}.Debug|Any CPU.Build.0 = Debug|Any CPU
		{44d472d1-6cb4-afd8-47f5-c817f77ce4eb}.Debug|Any CPU.ActiveCfg = Debug|Any CPU
		{44d472d1-6cb4-afd8-47f5-c817f77ce4eb}.Debug|Any CPU.Build.0 = Debug|Any CPU
		{9ba773b0-81bc-0dbe-7882-94d183f4944f}.Debug|Any CPU.ActiveCfg = Debug|Any CPU
		{9ba773b0-81bc-0dbe-7882-94d183f4944f}.Debug|Any CPU.Build.0 = Debug|Any CPU
		{9a1449bb-0a7f-9d90-5607-df4b5b7ea316}.Debug|Any CPU.ActiveCfg = Debug|Any CPU
		{9a1449bb-0a7f-9d90-5607-df4b5b7ea316}.Debug|Any CPU.Build.0 = Debug|Any CPU
		{f891d0ce-0c88-b627-5123-3f4e48e82c6d}.Debug|Any CPU.ActiveCfg = Debug|Any CPU
		{f891d0ce-0c88-b627-5123-3f4e48e82c6d}.Debug|Any CPU.Build.0 = Debug|Any CPU
		{9a157d00-0e56-b08e-ae32-4446e1eb1715}.Debug|Any CPU.ActiveCfg = Debug|Any CPU
		{9a157d00-0e56-b08e-ae32-4446e1eb1715}.Debug|Any CPU.Build.0 = Debug|Any CPU
		{654e8de9-8283-fb59-639d-7de082948566}.Debug|Any CPU.ActiveCfg = Debug|Any CPU
		{654e8de9-8283-fb59-639d-7de082948566}.Debug|Any CPU.Build.0 = Debug|Any CPU
		{d3944fd6-5e37-292e-9c25-ede2c786d4db}.Debug|Any CPU.ActiveCfg = Debug|Any CPU
		{d3944fd6-5e37-292e-9c25-ede2c786d4db}.Debug|Any CPU.Build.0 = Debug|Any CPU
		{81e87caa-9320-133f-c4f1-b907bc0c481f}.Debug|Any CPU.ActiveCfg = Debug|Any CPU
		{81e87caa-9320-133f-c4f1-b907bc0c481f}.Debug|Any CPU.Build.0 = Debug|Any CPU
		{081af337-f504-a65d-115f-28efef5ae52b}.Debug|Any CPU.ActiveCfg = Debug|Any CPU
		{081af337-f504-a65d-115f-28efef5ae52b}.Debug|Any CPU.Build.0 = Debug|Any CPU
		{0111ccba-d242-088d-78f4-53016e72d69b}.Debug|Any CPU.ActiveCfg = Debug|Any CPU
		{0111ccba-d242-088d-78f4-53016e72d69b}.Debug|Any CPU.Build.0 = Debug|Any CPU
		{775592eb-6763-05ce-9452-27057c0f04a8}.Debug|Any CPU.ActiveCfg = Debug|Any CPU
		{775592eb-6763-05ce-9452-27057c0f04a8}.Debug|Any CPU.Build.0 = Debug|Any CPU
		{c93ccfae-581d-d040-7570-1bc92e1d808b}.Debug|Any CPU.ActiveCfg = Debug|Any CPU
		{c93ccfae-581d-d040-7570-1bc92e1d808b}.Debug|Any CPU.Build.0 = Debug|Any CPU
		{f29ebf72-71bf-0a3b-367b-5abc67c1321b}.Debug|Any CPU.ActiveCfg = Debug|Any CPU
		{f29ebf72-71bf-0a3b-367b-5abc67c1321b}.Debug|Any CPU.Build.0 = Debug|Any CPU
		{e3a9b5d8-8e89-f51b-f1a2-af7836832d71}.Debug|Any CPU.ActiveCfg = Debug|Any CPU
		{e3a9b5d8-8e89-f51b-f1a2-af7836832d71}.Debug|Any CPU.Build.0 = Debug|Any CPU
		{2257b258-581c-1665-5422-b91b9485079e}.Debug|Any CPU.ActiveCfg = Debug|Any CPU
		{2257b258-581c-1665-5422-b91b9485079e}.Debug|Any CPU.Build.0 = Debug|Any CPU
		{2190fdec-d294-b854-7064-34a5fc93f50a}.Debug|Any CPU.ActiveCfg = Debug|Any CPU
		{2190fdec-d294-b854-7064-34a5fc93f50a}.Debug|Any CPU.Build.0 = Debug|Any CPU
		{b0dbab22-7175-d4f5-56a0-118d2a39ee38}.Debug|Any CPU.ActiveCfg = Debug|Any CPU
		{b0dbab22-7175-d4f5-56a0-118d2a39ee38}.Debug|Any CPU.Build.0 = Debug|Any CPU
		{d342529a-26f8-8d9a-94bd-2e55c9c7b03a}.Debug|Any CPU.ActiveCfg = Debug|Any CPU
		{d342529a-26f8-8d9a-94bd-2e55c9c7b03a}.Debug|Any CPU.Build.0 = Debug|Any CPU
		{2d47af44-6dc6-fc4b-efd5-53d19eb7dbe3}.Debug|Any CPU.ActiveCfg = Debug|Any CPU
		{2d47af44-6dc6-fc4b-efd5-53d19eb7dbe3}.Debug|Any CPU.Build.0 = Debug|Any CPU
		{eb565e9c-399f-cf7a-e94c-57c717f0f44c}.Debug|Any CPU.ActiveCfg = Debug|Any CPU
		{eb565e9c-399f-cf7a-e94c-57c717f0f44c}.Debug|Any CPU.Build.0 = Debug|Any CPU
		{5dfe8a7f-c1f1-1411-ffaf-a66b8cd866d8}.Debug|Any CPU.ActiveCfg = Debug|Any CPU
		{5dfe8a7f-c1f1-1411-ffaf-a66b8cd866d8}.Debug|Any CPU.Build.0 = Debug|Any CPU
		{fdf9bab2-b7c5-3b67-a792-1e7d2dc11243}.Debug|Any CPU.ActiveCfg = Debug|Any CPU
		{fdf9bab2-b7c5-3b67-a792-1e7d2dc11243}.Debug|Any CPU.Build.0 = Debug|Any CPU
		{06047e40-06bd-ca67-e977-0deb7c22dd7a}.Debug|Any CPU.ActiveCfg = Debug|Any CPU
		{06047e40-06bd-ca67-e977-0deb7c22dd7a}.Debug|Any CPU.Build.0 = Debug|Any CPU
		{106e4162-60ca-58e3-377e-054b90db9db8}.Debug|Any CPU.ActiveCfg = Debug|Any CPU
		{106e4162-60ca-58e3-377e-054b90db9db8}.Debug|Any CPU.Build.0 = Debug|Any CPU
		{6528959e-8d84-e4e7-fb27-54496d66e9fd}.Debug|Any CPU.ActiveCfg = Debug|Any CPU
		{6528959e-8d84-e4e7-fb27-54496d66e9fd}.Debug|Any CPU.Build.0 = Debug|Any CPU
		{5b8ee7d8-6723-91cf-6d5a-fe510da62216}.Debug|Any CPU.ActiveCfg = Debug|Any CPU
		{5b8ee7d8-6723-91cf-6d5a-fe510da62216}.Debug|Any CPU.Build.0 = Debug|Any CPU
		{8a60f673-7fb8-0f3c-0203-305049ec707f}.Debug|Any CPU.ActiveCfg = Debug|Any CPU
		{8a60f673-7fb8-0f3c-0203-305049ec707f}.Debug|Any CPU.Build.0 = Debug|Any CPU
		{a886132b-8dd4-1c9f-28fd-5d4a03120008}.Debug|Any CPU.ActiveCfg = Debug|Any CPU
		{a886132b-8dd4-1c9f-28fd-5d4a03120008}.Debug|Any CPU.Build.0 = Debug|Any CPU
		{84c934bc-8698-2228-5d0d-5bb1ae478f6f}.Debug|Any CPU.ActiveCfg = Debug|Any CPU
		{84c934bc-8698-2228-5d0d-5bb1ae478f6f}.Debug|Any CPU.Build.0 = Debug|Any CPU
		{50cb2aa4-dc9b-362c-c478-661cffe807d9}.Debug|Any CPU.ActiveCfg = Debug|Any CPU
		{50cb2aa4-dc9b-362c-c478-661cffe807d9}.Debug|Any CPU.Build.0 = Debug|Any CPU
		{a2102dbb-6250-e502-a42a-15372e4ec227}.Debug|Any CPU.ActiveCfg = Debug|Any CPU
		{a2102dbb-6250-e502-a42a-15372e4ec227}.Debug|Any CPU.Build.0 = Debug|Any CPU
		{b65f2962-5889-876d-330d-ff4a37d8e5a8}.Debug|Any CPU.ActiveCfg = Debug|Any CPU
		{b65f2962-5889-876d-330d-ff4a37d8e5a8}.Debug|Any CPU.Build.0 = Debug|Any CPU
		{7c3eec83-39b5-3824-e431-2d194112e3f2}.Debug|Any CPU.ActiveCfg = Debug|Any CPU
		{7c3eec83-39b5-3824-e431-2d194112e3f2}.Debug|Any CPU.Build.0 = Debug|Any CPU
		{e539a28c-44da-2f43-f463-07551d2c516f}.Debug|Any CPU.ActiveCfg = Debug|Any CPU
		{e539a28c-44da-2f43-f463-07551d2c516f}.Debug|Any CPU.Build.0 = Debug|Any CPU
		{f15926b6-1bf9-2041-7157-790a0189de42}.Debug|Any CPU.ActiveCfg = Debug|Any CPU
		{f15926b6-1bf9-2041-7157-790a0189de42}.Debug|Any CPU.Build.0 = Debug|Any CPU
		{8377b792-1f5e-b03e-c223-02d28c01124d}.Debug|Any CPU.ActiveCfg = Debug|Any CPU
		{8377b792-1f5e-b03e-c223-02d28c01124d}.Debug|Any CPU.Build.0 = Debug|Any CPU
		{28fe605b-6b0d-65ec-2187-5ce328b0d114}.Debug|Any CPU.ActiveCfg = Debug|Any CPU
		{28fe605b-6b0d-65ec-2187-5ce328b0d114}.Debug|Any CPU.Build.0 = Debug|Any CPU
		{b4126acd-946f-2999-839d-1ca920c3d1fe}.Debug|Any CPU.ActiveCfg = Debug|Any CPU
		{b4126acd-946f-2999-839d-1ca920c3d1fe}.Debug|Any CPU.Build.0 = Debug|Any CPU
		{96d4204e-5903-5e99-e09d-65398f476caf}.Debug|Any CPU.ActiveCfg = Debug|Any CPU
		{96d4204e-5903-5e99-e09d-65398f476caf}.Debug|Any CPU.Build.0 = Debug|Any CPU
		{b143c827-6eae-8dd7-69a1-cfd4ba0ce5b6}.Debug|Any CPU.ActiveCfg = Debug|Any CPU
		{b143c827-6eae-8dd7-69a1-cfd4ba0ce5b6}.Debug|Any CPU.Build.0 = Debug|Any CPU
		{f29105a3-0d93-4073-7824-fd4cb009e429}.Debug|Any CPU.ActiveCfg = Debug|Any CPU
		{f29105a3-0d93-4073-7824-fd4cb009e429}.Debug|Any CPU.Build.0 = Debug|Any CPU
		{1a3a5870-1f14-8d1d-3226-2082a1667e6d}.Debug|Any CPU.ActiveCfg = Debug|Any CPU
		{1a3a5870-1f14-8d1d-3226-2082a1667e6d}.Debug|Any CPU.Build.0 = Debug|Any CPU
		{97bda1e6-b9f4-a644-d9b9-42fd06ae7195}.Debug|Any CPU.ActiveCfg = Debug|Any CPU
		{97bda1e6-b9f4-a644-d9b9-42fd06ae7195}.Debug|Any CPU.Build.0 = Debug|Any CPU
		{9e91cfbb-25f9-a1dd-f691-a3b10a4b7d60}.Debug|Any CPU.ActiveCfg = Debug|Any CPU
		{9e91cfbb-25f9-a1dd-f691-a3b10a4b7d60}.Debug|Any CPU.Build.0 = Debug|Any CPU
		{6c93b211-5e19-d0ab-0d9c-b1013cb88ce8}.Debug|Any CPU.ActiveCfg = Debug|Any CPU
		{6c93b211-5e19-d0ab-0d9c-b1013cb88ce8}.Debug|Any CPU.Build.0 = Debug|Any CPU
		{9b9eb724-0cf4-57a3-d73b-ab53b38ae6ec}.Debug|Any CPU.ActiveCfg = Debug|Any CPU
		{9b9eb724-0cf4-57a3-d73b-ab53b38ae6ec}.Debug|Any CPU.Build.0 = Debug|Any CPU
		{5ca3ba1f-9937-3d48-9d39-e595c56c130c}.Debug|Any CPU.ActiveCfg = Debug|Any CPU
		{5ca3ba1f-9937-3d48-9d39-e595c56c130c}.Debug|Any CPU.Build.0 = Debug|Any CPU
		{a2094abc-32b9-9d1b-dd41-7b0d4f1077fe}.Debug|Any CPU.ActiveCfg = Debug|Any CPU
		{a2094abc-32b9-9d1b-dd41-7b0d4f1077fe}.Debug|Any CPU.Build.0 = Debug|Any CPU
		{fa2950e6-df14-1329-d2fd-13670d85e867}.Debug|Any CPU.ActiveCfg = Debug|Any CPU
		{fa2950e6-df14-1329-d2fd-13670d85e867}.Debug|Any CPU.Build.0 = Debug|Any CPU
		{ca7ba8c6-82f7-56ab-5ff0-39760a366da2}.Debug|Any CPU.ActiveCfg = Debug|Any CPU
		{ca7ba8c6-82f7-56ab-5ff0-39760a366da2}.Debug|Any CPU.Build.0 = Debug|Any CPU
		{932f1fad-2a40-7340-8720-6a6dec92e5c0}.Debug|Any CPU.ActiveCfg = Debug|Any CPU
		{932f1fad-2a40-7340-8720-6a6dec92e5c0}.Debug|Any CPU.Build.0 = Debug|Any CPU
		{6b481c77-9028-ccf4-8fea-ea8430d260e9}.Debug|Any CPU.ActiveCfg = Debug|Any CPU
		{6b481c77-9028-ccf4-8fea-ea8430d260e9}.Debug|Any CPU.Build.0 = Debug|Any CPU
		{9feaf722-f6b2-435f-8e86-8e39652348f4}.Debug|Any CPU.ActiveCfg = Debug|Any CPU
		{9feaf722-f6b2-435f-8e86-8e39652348f4}.Debug|Any CPU.Build.0 = Debug|Any CPU
		{c2b2ec59-95b3-49e1-5a23-64f75f974f3a}.Debug|Any CPU.ActiveCfg = Debug|Any CPU
		{c2b2ec59-95b3-49e1-5a23-64f75f974f3a}.Debug|Any CPU.Build.0 = Debug|Any CPU
		{1c6ae981-b3b3-1273-21d7-ba4ed7cbfefa}.Debug|Any CPU.ActiveCfg = Debug|Any CPU
		{1c6ae981-b3b3-1273-21d7-ba4ed7cbfefa}.Debug|Any CPU.Build.0 = Debug|Any CPU
		{bba58de0-91be-1660-2205-ccdb9be3489f}.Debug|Any CPU.ActiveCfg = Debug|Any CPU
		{bba58de0-91be-1660-2205-ccdb9be3489f}.Debug|Any CPU.Build.0 = Debug|Any CPU
		{06c83ea0-a676-f29e-c66d-a705ab5ab480}.Debug|Any CPU.ActiveCfg = Debug|Any CPU
		{06c83ea0-a676-f29e-c66d-a705ab5ab480}.Debug|Any CPU.Build.0 = Debug|Any CPU
		{00e90de1-2a86-0437-d274-41c5885559a8}.Debug|Any CPU.ActiveCfg = Debug|Any CPU
		{00e90de1-2a86-0437-d274-41c5885559a8}.Debug|Any CPU.Build.0 = Debug|Any CPU
		{ffd33988-ae94-fcf9-ffa6-0f9ff3d1f89b}.Debug|Any CPU.ActiveCfg = Debug|Any CPU
		{ffd33988-ae94-fcf9-ffa6-0f9ff3d1f89b}.Debug|Any CPU.Build.0 = Debug|Any CPU
		{c4ec43ff-2642-10f3-0690-61de384414b3}.Debug|Any CPU.ActiveCfg = Debug|Any CPU
		{c4ec43ff-2642-10f3-0690-61de384414b3}.Debug|Any CPU.Build.0 = Debug|Any CPU
		{1e31d6a8-dacf-9724-f818-1a0067337985}.Debug|Any CPU.ActiveCfg = Debug|Any CPU
		{1e31d6a8-dacf-9724-f818-1a0067337985}.Debug|Any CPU.Build.0 = Debug|Any CPU
		{17606b04-6f11-e7c7-2112-718372118cd4}.Debug|Any CPU.ActiveCfg = Debug|Any CPU
		{17606b04-6f11-e7c7-2112-718372118cd4}.Debug|Any CPU.Build.0 = Debug|Any CPU
		{876a8a5e-33cd-87a3-aef6-5cb223f43137}.Debug|Any CPU.ActiveCfg = Debug|Any CPU
		{876a8a5e-33cd-87a3-aef6-5cb223f43137}.Debug|Any CPU.Build.0 = Debug|Any CPU
		{c5bdb455-f965-395b-c490-387a230f3c32}.Debug|Any CPU.ActiveCfg = Debug|Any CPU
		{c5bdb455-f965-395b-c490-387a230f3c32}.Debug|Any CPU.Build.0 = Debug|Any CPU
		{ef819b57-6057-b652-50fe-c6a26122dcf9}.Debug|Any CPU.ActiveCfg = Debug|Any CPU
		{ef819b57-6057-b652-50fe-c6a26122dcf9}.Debug|Any CPU.Build.0 = Debug|Any CPU
		{7fb0d2af-2910-55ea-2b9c-12e734f2aa2d}.Debug|Any CPU.ActiveCfg = Debug|Any CPU
		{7fb0d2af-2910-55ea-2b9c-12e734f2aa2d}.Debug|Any CPU.Build.0 = Debug|Any CPU
		{a77f9014-5ba2-ef8f-6f2b-df14da9d3845}.Debug|Any CPU.ActiveCfg = Debug|Any CPU
		{a77f9014-5ba2-ef8f-6f2b-df14da9d3845}.Debug|Any CPU.Build.0 = Debug|Any CPU
		{cae3649d-193c-e227-879a-f1785b4e1dbf}.Debug|Any CPU.ActiveCfg = Debug|Any CPU
		{cae3649d-193c-e227-879a-f1785b4e1dbf}.Debug|Any CPU.Build.0 = Debug|Any CPU
		{22cd14ff-e0af-2c28-9451-394b58d35a33}.Debug|Any CPU.ActiveCfg = Debug|Any CPU
		{22cd14ff-e0af-2c28-9451-394b58d35a33}.Debug|Any CPU.Build.0 = Debug|Any CPU
		{1fdca0be-4d6a-5ea0-aca4-ba6d05727f50}.Debug|Any CPU.ActiveCfg = Debug|Any CPU
		{1fdca0be-4d6a-5ea0-aca4-ba6d05727f50}.Debug|Any CPU.Build.0 = Debug|Any CPU
		{c0bcbe4d-c168-512f-950d-0cd5459f4478}.Debug|Any CPU.ActiveCfg = Debug|Any CPU
		{c0bcbe4d-c168-512f-950d-0cd5459f4478}.Debug|Any CPU.Build.0 = Debug|Any CPU
		{2324972f-54f3-6c2f-c2ce-8ae8349ac73f}.Debug|Any CPU.ActiveCfg = Debug|Any CPU
		{2324972f-54f3-6c2f-c2ce-8ae8349ac73f}.Debug|Any CPU.Build.0 = Debug|Any CPU
		{7dab0f99-cf94-3f7d-50e0-3b8f7565f927}.Debug|Any CPU.ActiveCfg = Debug|Any CPU
		{7dab0f99-cf94-3f7d-50e0-3b8f7565f927}.Debug|Any CPU.Build.0 = Debug|Any CPU
		{448bdef1-1b1e-08be-a2a3-1b7370100e20}.Debug|Any CPU.ActiveCfg = Debug|Any CPU
		{448bdef1-1b1e-08be-a2a3-1b7370100e20}.Debug|Any CPU.Build.0 = Debug|Any CPU
		{96ddbafc-2987-1e7c-77a0-6bf87e6143f6}.Debug|Any CPU.ActiveCfg = Debug|Any CPU
		{96ddbafc-2987-1e7c-77a0-6bf87e6143f6}.Debug|Any CPU.Build.0 = Debug|Any CPU
		{e9835840-57a0-3a4d-9eae-67c1340573a4}.Debug|Any CPU.ActiveCfg = Debug|Any CPU
		{e9835840-57a0-3a4d-9eae-67c1340573a4}.Debug|Any CPU.Build.0 = Debug|Any CPU
		{f1798dd7-6823-107a-250b-356fb49798e8}.Debug|Any CPU.ActiveCfg = Debug|Any CPU
		{f1798dd7-6823-107a-250b-356fb49798e8}.Debug|Any CPU.Build.0 = Debug|Any CPU
		{33f825b4-151b-36d8-80da-ea7d637ae8ee}.Debug|Any CPU.ActiveCfg = Debug|Any CPU
		{33f825b4-151b-36d8-80da-ea7d637ae8ee}.Debug|Any CPU.Build.0 = Debug|Any CPU
		{4512cbd2-40e5-c765-586f-91fea887323e}.Debug|Any CPU.ActiveCfg = Debug|Any CPU
		{4512cbd2-40e5-c765-586f-91fea887323e}.Debug|Any CPU.Build.0 = Debug|Any CPU
		{9badbe58-1d8b-0eb4-8127-5442375a7092}.Debug|Any CPU.ActiveCfg = Debug|Any CPU
		{9badbe58-1d8b-0eb4-8127-5442375a7092}.Debug|Any CPU.Build.0 = Debug|Any CPU
		{dcd64548-cac5-c720-081e-a358a1cfff52}.Debug|Any CPU.ActiveCfg = Debug|Any CPU
		{dcd64548-cac5-c720-081e-a358a1cfff52}.Debug|Any CPU.Build.0 = Debug|Any CPU
		{95a9c1ab-e6f4-3f2f-b288-768bb902d2ff}.Debug|Any CPU.ActiveCfg = Debug|Any CPU
		{95a9c1ab-e6f4-3f2f-b288-768bb902d2ff}.Debug|Any CPU.Build.0 = Debug|Any CPU
		{2b8efa22-f96e-6a5c-399b-21de06e2bc62}.Debug|Any CPU.ActiveCfg = Debug|Any CPU
		{2b8efa22-f96e-6a5c-399b-21de06e2bc62}.Debug|Any CPU.Build.0 = Debug|Any CPU
		{b2e217e3-dfc6-f927-d332-714da170a4f2}.Debug|Any CPU.ActiveCfg = Debug|Any CPU
		{b2e217e3-dfc6-f927-d332-714da170a4f2}.Debug|Any CPU.Build.0 = Debug|Any CPU
		{7caff5f3-903f-ca2e-e361-790e76115ac2}.Debug|Any CPU.ActiveCfg = Debug|Any CPU
		{7caff5f3-903f-ca2e-e361-790e76115ac2}.Debug|Any CPU.Build.0 = Debug|Any CPU
		{ac49af85-e3da-5198-b5e3-385eac768973}.Debug|Any CPU.ActiveCfg = Debug|Any CPU
		{ac49af85-e3da-5198-b5e3-385eac768973}.Debug|Any CPU.Build.0 = Debug|Any CPU
		{96df6373-b032-3267-934d-f5721683bcc5}.Debug|Any CPU.ActiveCfg = Debug|Any CPU
		{96df6373-b032-3267-934d-f5721683bcc5}.Debug|Any CPU.Build.0 = Debug|Any CPU
		{dd473fa1-3e4c-f8ec-a22e-65467943fa90}.Debug|Any CPU.ActiveCfg = Debug|Any CPU
		{dd473fa1-3e4c-f8ec-a22e-65467943fa90}.Debug|Any CPU.Build.0 = Debug|Any CPU
		{d11b7992-028e-67eb-380b-4d556c67d5e7}.Debug|Any CPU.ActiveCfg = Debug|Any CPU
		{d11b7992-028e-67eb-380b-4d556c67d5e7}.Debug|Any CPU.Build.0 = Debug|Any CPU
		{a05c36a2-bd1e-2871-dcc3-b457faa84f7e}.Debug|Any CPU.ActiveCfg = Debug|Any CPU
		{a05c36a2-bd1e-2871-dcc3-b457faa84f7e}.Debug|Any CPU.Build.0 = Debug|Any CPU
		{e5499602-827b-d22a-4b32-00f7b11871fb}.Debug|Any CPU.ActiveCfg = Debug|Any CPU
		{e5499602-827b-d22a-4b32-00f7b11871fb}.Debug|Any CPU.Build.0 = Debug|Any CPU
		{aad152be-795b-7e70-9507-64e5710707b5}.Debug|Any CPU.ActiveCfg = Debug|Any CPU
		{aad152be-795b-7e70-9507-64e5710707b5}.Debug|Any CPU.Build.0 = Debug|Any CPU
		{0ffd836d-e516-61a1-09b9-ee096716bff4}.Debug|Any CPU.ActiveCfg = Debug|Any CPU
		{0ffd836d-e516-61a1-09b9-ee096716bff4}.Debug|Any CPU.Build.0 = Debug|Any CPU
		{c7c578cb-38b1-24a5-a69b-cf6fc033f75d}.Debug|Any CPU.ActiveCfg = Debug|Any CPU
		{c7c578cb-38b1-24a5-a69b-cf6fc033f75d}.Debug|Any CPU.Build.0 = Debug|Any CPU
		{749ee5b7-f40e-879a-30e6-346bdbc30048}.Debug|Any CPU.ActiveCfg = Debug|Any CPU
		{749ee5b7-f40e-879a-30e6-346bdbc30048}.Debug|Any CPU.Build.0 = Debug|Any CPU
		{a0427f08-2bc1-c28e-a271-77fbefd54dc9}.Debug|Any CPU.ActiveCfg = Debug|Any CPU
		{a0427f08-2bc1-c28e-a271-77fbefd54dc9}.Debug|Any CPU.Build.0 = Debug|Any CPU
		{860b942f-0d0e-a68b-056e-9172e1eefa8d}.Debug|Any CPU.ActiveCfg = Debug|Any CPU
		{860b942f-0d0e-a68b-056e-9172e1eefa8d}.Debug|Any CPU.Build.0 = Debug|Any CPU
		{31768c8e-d65b-1e16-b88d-acdf3c520d4a}.Debug|Any CPU.ActiveCfg = Debug|Any CPU
		{31768c8e-d65b-1e16-b88d-acdf3c520d4a}.Debug|Any CPU.Build.0 = Debug|Any CPU
		{99a3d42f-943a-53fc-a4a6-770b2632f89d}.Debug|Any CPU.ActiveCfg = Debug|Any CPU
		{99a3d42f-943a-53fc-a4a6-770b2632f89d}.Debug|Any CPU.Build.0 = Debug|Any CPU
		{3a8beb25-e6d8-31a4-39ab-0c5299a581f9}.Debug|Any CPU.ActiveCfg = Debug|Any CPU
		{3a8beb25-e6d8-31a4-39ab-0c5299a581f9}.Debug|Any CPU.Build.0 = Debug|Any CPU
		{80260f3f-d4aa-f344-8a7d-31fda4d1cac1}.Debug|Any CPU.ActiveCfg = Debug|Any CPU
		{80260f3f-d4aa-f344-8a7d-31fda4d1cac1}.Debug|Any CPU.Build.0 = Debug|Any CPU
		{5e772cd9-ec5e-9ffb-96e5-38ddfa1abcfa}.Debug|Any CPU.ActiveCfg = Debug|Any CPU
		{5e772cd9-ec5e-9ffb-96e5-38ddfa1abcfa}.Debug|Any CPU.Build.0 = Debug|Any CPU
		{c0972d8b-aa71-f325-4c40-10ad463bbd62}.Debug|Any CPU.ActiveCfg = Debug|Any CPU
		{c0972d8b-aa71-f325-4c40-10ad463bbd62}.Debug|Any CPU.Build.0 = Debug|Any CPU
		{0aeef307-4b0d-fe3c-a1f4-43f5bbf14b8d}.Debug|Any CPU.ActiveCfg = Debug|Any CPU
		{0aeef307-4b0d-fe3c-a1f4-43f5bbf14b8d}.Debug|Any CPU.Build.0 = Debug|Any CPU
		{73daa27f-9acb-1d06-7cea-95540eb53c70}.Debug|Any CPU.ActiveCfg = Debug|Any CPU
		{73daa27f-9acb-1d06-7cea-95540eb53c70}.Debug|Any CPU.Build.0 = Debug|Any CPU
		{0fc7cc5a-0a0e-95ce-b6a9-f093d338b32d}.Debug|Any CPU.ActiveCfg = Debug|Any CPU
		{0fc7cc5a-0a0e-95ce-b6a9-f093d338b32d}.Debug|Any CPU.Build.0 = Debug|Any CPU
		{20116131-cc7e-cba8-2101-0f74d0e59344}.Debug|Any CPU.ActiveCfg = Debug|Any CPU
		{20116131-cc7e-cba8-2101-0f74d0e59344}.Debug|Any CPU.Build.0 = Debug|Any CPU
		{dc73d353-44e5-426c-ecc9-527972cc1e83}.Debug|Any CPU.ActiveCfg = Debug|Any CPU
		{dc73d353-44e5-426c-ecc9-527972cc1e83}.Debug|Any CPU.Build.0 = Debug|Any CPU
		{b89eff8c-3a52-2feb-d4e1-d98f689e6e1a}.Debug|Any CPU.ActiveCfg = Debug|Any CPU
		{b89eff8c-3a52-2feb-d4e1-d98f689e6e1a}.Debug|Any CPU.Build.0 = Debug|Any CPU
		{688da9a2-3793-b95e-907e-e4cdaa9d09a9}.Debug|Any CPU.ActiveCfg = Debug|Any CPU
		{688da9a2-3793-b95e-907e-e4cdaa9d09a9}.Debug|Any CPU.Build.0 = Debug|Any CPU
		{d06374f4-2f9d-480a-9a84-b68afe258377}.Debug|Any CPU.ActiveCfg = Debug|Any CPU
		{d06374f4-2f9d-480a-9a84-b68afe258377}.Debug|Any CPU.Build.0 = Debug|Any CPU
		{d8eb2fbf-5966-c2c3-c75f-f87dec23a12a}.Debug|Any CPU.ActiveCfg = Debug|Any CPU
		{d8eb2fbf-5966-c2c3-c75f-f87dec23a12a}.Debug|Any CPU.Build.0 = Debug|Any CPU
		{4ac89bd4-68c0-9972-417f-a4e22e1032b4}.Debug|Any CPU.ActiveCfg = Debug|Any CPU
		{4ac89bd4-68c0-9972-417f-a4e22e1032b4}.Debug|Any CPU.Build.0 = Debug|Any CPU
		{22db8d33-ad42-a5f0-3884-b47407657303}.Debug|Any CPU.ActiveCfg = Debug|Any CPU
		{22db8d33-ad42-a5f0-3884-b47407657303}.Debug|Any CPU.Build.0 = Debug|Any CPU
		{6c8d041d-dd87-167b-d43b-7d30c860a9cd}.Debug|Any CPU.ActiveCfg = Debug|Any CPU
		{6c8d041d-dd87-167b-d43b-7d30c860a9cd}.Debug|Any CPU.Build.0 = Debug|Any CPU
		{3af10896-f41c-7d10-6877-c5632b2bf966}.Debug|Any CPU.ActiveCfg = Debug|Any CPU
		{3af10896-f41c-7d10-6877-c5632b2bf966}.Debug|Any CPU.Build.0 = Debug|Any CPU
		{370b71ee-7218-c911-6e3f-7eb95dc96c57}.Debug|Any CPU.ActiveCfg = Debug|Any CPU
		{370b71ee-7218-c911-6e3f-7eb95dc96c57}.Debug|Any CPU.Build.0 = Debug|Any CPU
		{027f36ba-6b6e-8e4a-52ea-4c342abad81c}.Debug|Any CPU.ActiveCfg = Debug|Any CPU
		{027f36ba-6b6e-8e4a-52ea-4c342abad81c}.Debug|Any CPU.Build.0 = Debug|Any CPU
		{58f9eb8d-2b3e-df62-fa6d-2462f7ad49e5}.Debug|Any CPU.ActiveCfg = Debug|Any CPU
		{58f9eb8d-2b3e-df62-fa6d-2462f7ad49e5}.Debug|Any CPU.Build.0 = Debug|Any CPU
		{c9436044-5221-8bd5-3f02-d463280b198a}.Debug|Any CPU.ActiveCfg = Debug|Any CPU
		{c9436044-5221-8bd5-3f02-d463280b198a}.Debug|Any CPU.Build.0 = Debug|Any CPU
		{b2a9ce24-46b4-fa32-a1bd-4e4fc53d175e}.Debug|Any CPU.ActiveCfg = Debug|Any CPU
		{b2a9ce24-46b4-fa32-a1bd-4e4fc53d175e}.Debug|Any CPU.Build.0 = Debug|Any CPU
		{704d8ff9-86df-63fc-39a2-fed1f5ea6625}.Debug|Any CPU.ActiveCfg = Debug|Any CPU
		{704d8ff9-86df-63fc-39a2-fed1f5ea6625}.Debug|Any CPU.Build.0 = Debug|Any CPU
		{12991f76-9a4f-49e8-e5a0-5a65614fdbfb}.Debug|Any CPU.ActiveCfg = Debug|Any CPU
		{12991f76-9a4f-49e8-e5a0-5a65614fdbfb}.Debug|Any CPU.Build.0 = Debug|Any CPU
		{4ca81c1c-5bf0-cc6e-4c7d-95d7a7d1d9c1}.Debug|Any CPU.ActiveCfg = Debug|Any CPU
		{4ca81c1c-5bf0-cc6e-4c7d-95d7a7d1d9c1}.Debug|Any CPU.Build.0 = Debug|Any CPU
		{5b55e4ed-9074-34ce-2717-0772030faa53}.Debug|Any CPU.ActiveCfg = Debug|Any CPU
		{5b55e4ed-9074-34ce-2717-0772030faa53}.Debug|Any CPU.Build.0 = Debug|Any CPU
		{7867ab6e-03dc-a5e5-e631-ec875b6f7435}.Debug|Any CPU.ActiveCfg = Debug|Any CPU
		{7867ab6e-03dc-a5e5-e631-ec875b6f7435}.Debug|Any CPU.Build.0 = Debug|Any CPU
		{904ca2a6-f721-c177-3c34-174bab8bed4e}.Debug|Any CPU.ActiveCfg = Debug|Any CPU
		{904ca2a6-f721-c177-3c34-174bab8bed4e}.Debug|Any CPU.Build.0 = Debug|Any CPU
		{5abebe48-b414-c1f2-88c4-2091c34d89d4}.Debug|Any CPU.ActiveCfg = Debug|Any CPU
		{5abebe48-b414-c1f2-88c4-2091c34d89d4}.Debug|Any CPU.Build.0 = Debug|Any CPU
		{e05eb46c-b304-6f05-1827-0afc4b368c65}.Debug|Any CPU.ActiveCfg = Debug|Any CPU
		{e05eb46c-b304-6f05-1827-0afc4b368c65}.Debug|Any CPU.Build.0 = Debug|Any CPU
		{f0a108d5-d16e-3fcd-52a8-c10ded4884b1}.Debug|Any CPU.ActiveCfg = Debug|Any CPU
		{f0a108d5-d16e-3fcd-52a8-c10ded4884b1}.Debug|Any CPU.Build.0 = Debug|Any CPU
		{f39133cd-b007-2979-599e-c7a274404572}.Debug|Any CPU.ActiveCfg = Debug|Any CPU
		{f39133cd-b007-2979-599e-c7a274404572}.Debug|Any CPU.Build.0 = Debug|Any CPU
		{b6af105a-8cf6-b2b0-b595-b479603abaee}.Debug|Any CPU.ActiveCfg = Debug|Any CPU
		{b6af105a-8cf6-b2b0-b595-b479603abaee}.Debug|Any CPU.Build.0 = Debug|Any CPU
		{103c3803-f4ff-4c56-8877-d549826c33ae}.Debug|Any CPU.ActiveCfg = Debug|Any CPU
		{103c3803-f4ff-4c56-8877-d549826c33ae}.Debug|Any CPU.Build.0 = Debug|Any CPU
		{1a735426-225c-1a18-c950-ec4a36e21c6b}.Debug|Any CPU.ActiveCfg = Debug|Any CPU
		{1a735426-225c-1a18-c950-ec4a36e21c6b}.Debug|Any CPU.Build.0 = Debug|Any CPU
		{aa99b88c-f459-e28e-3aa9-d0c9b9fa32d1}.Debug|Any CPU.ActiveCfg = Debug|Any CPU
		{aa99b88c-f459-e28e-3aa9-d0c9b9fa32d1}.Debug|Any CPU.Build.0 = Debug|Any CPU
		{99872267-e107-4101-1b2e-3f3b4ad91213}.Debug|Any CPU.ActiveCfg = Debug|Any CPU
		{99872267-e107-4101-1b2e-3f3b4ad91213}.Debug|Any CPU.Build.0 = Debug|Any CPU
		{3c8939ef-6944-0647-b19f-e4ce4b075b9a}.Debug|Any CPU.ActiveCfg = Debug|Any CPU
		{3c8939ef-6944-0647-b19f-e4ce4b075b9a}.Debug|Any CPU.Build.0 = Debug|Any CPU
	EndGlobalSection
	GlobalSection(SolutionProperties) = preSolution
		HideSolutionNode = FALSE
	EndGlobalSection
EndGlobal
